// !$*UTF8*$!
{
	archiveVersion = 1;
	classes = {
	};
	objectVersion = 51;
	objects = {

/* Begin PBXBuildFile section */
		A9D949E0D86B661024ED7087 /* Pods_LearningInstagram.framework in Frameworks */ = {isa = PBXBuildFile; fileRef = 15BC95993475F3F6CEA5B404 /* Pods_LearningInstagram.framework */; };
		E72DF79A25E0D76400F4CF1B /* Post.swift in Sources */ = {isa = PBXBuildFile; fileRef = E72DF79925E0D76400F4CF1B /* Post.swift */; };
		E72DF79D25E0D78B00F4CF1B /* User.swift in Sources */ = {isa = PBXBuildFile; fileRef = E72DF79C25E0D78B00F4CF1B /* User.swift */; };
		E72DF7A025E0DB5F00F4CF1B /* FirebaseUtils.swift in Sources */ = {isa = PBXBuildFile; fileRef = E72DF79F25E0DB5F00F4CF1B /* FirebaseUtils.swift */; };
		E72DF7A425E0E45600F4CF1B /* Date.swift in Sources */ = {isa = PBXBuildFile; fileRef = E72DF7A325E0E45600F4CF1B /* Date.swift */; };
		E72DF7A725E0E74300F4CF1B /* CameraController.swift in Sources */ = {isa = PBXBuildFile; fileRef = E72DF7A625E0E74300F4CF1B /* CameraController.swift */; };
		E72DF7AA25E0E9DD00F4CF1B /* UserSearchCell.swift in Sources */ = {isa = PBXBuildFile; fileRef = E72DF7A925E0E9DD00F4CF1B /* UserSearchCell.swift */; };
		E72DF7CF25E2024600F4CF1B /* UserProfileHeader.swift in Sources */ = {isa = PBXBuildFile; fileRef = E72DF7CE25E2024600F4CF1B /* UserProfileHeader.swift */; };
		E72DF81625E3683900F4CF1B /* UserProfilePhotoCell.swift in Sources */ = {isa = PBXBuildFile; fileRef = E72DF81525E3683900F4CF1B /* UserProfilePhotoCell.swift */; };
		E72DF83B25E39F5300F4CF1B /* PreviewPhotoContainerView.swift in Sources */ = {isa = PBXBuildFile; fileRef = E72DF83A25E39F5300F4CF1B /* PreviewPhotoContainerView.swift */; };
		E72DF83E25E3AE9B00F4CF1B /* CustomAnimationPresentor.swift in Sources */ = {isa = PBXBuildFile; fileRef = E72DF83D25E3AE9B00F4CF1B /* CustomAnimationPresentor.swift */; };
		E72DF84125E3AEA100F4CF1B /* CustomAnimationDismisser.swift in Sources */ = {isa = PBXBuildFile; fileRef = E72DF84025E3AEA100F4CF1B /* CustomAnimationDismisser.swift */; };
		E7C870D925DCB66F00A25F07 /* AppDelegate.swift in Sources */ = {isa = PBXBuildFile; fileRef = E7C870D825DCB66F00A25F07 /* AppDelegate.swift */; };
		E7C870DB25DCB66F00A25F07 /* SceneDelegate.swift in Sources */ = {isa = PBXBuildFile; fileRef = E7C870DA25DCB66F00A25F07 /* SceneDelegate.swift */; };
		E7C870DD25DCB66F00A25F07 /* ViewController.swift in Sources */ = {isa = PBXBuildFile; fileRef = E7C870DC25DCB66F00A25F07 /* ViewController.swift */; };
		E7C870E025DCB66F00A25F07 /* Main.storyboard in Resources */ = {isa = PBXBuildFile; fileRef = E7C870DE25DCB66F00A25F07 /* Main.storyboard */; };
		E7C870E225DCB67700A25F07 /* Assets.xcassets in Resources */ = {isa = PBXBuildFile; fileRef = E7C870E125DCB67700A25F07 /* Assets.xcassets */; };
		E7C870E525DCB67700A25F07 /* LaunchScreen.storyboard in Resources */ = {isa = PBXBuildFile; fileRef = E7C870E325DCB67700A25F07 /* LaunchScreen.storyboard */; };
		E7C870EE25DCB69D00A25F07 /* MainTabBarController.swift in Sources */ = {isa = PBXBuildFile; fileRef = E7C870ED25DCB69D00A25F07 /* MainTabBarController.swift */; };
		E7C8710425DCBDE900A25F07 /* GoogleService-Info.plist in Resources */ = {isa = PBXBuildFile; fileRef = E7C8710325DCBDE900A25F07 /* GoogleService-Info.plist */; };
		E7C8710725DCC72600A25F07 /* LoginController.swift in Sources */ = {isa = PBXBuildFile; fileRef = E7C8710625DCC72600A25F07 /* LoginController.swift */; };
		E7C8710C25DCC8F400A25F07 /* SignUpController.swift in Sources */ = {isa = PBXBuildFile; fileRef = E7C8710B25DCC8F400A25F07 /* SignUpController.swift */; };
		E7C8711025DCCD6100A25F07 /* Theme.swift in Sources */ = {isa = PBXBuildFile; fileRef = E7C8710F25DCCD6100A25F07 /* Theme.swift */; };
		E7C8711525DCD03A00A25F07 /* UIView.swift in Sources */ = {isa = PBXBuildFile; fileRef = E7C8711425DCD03A00A25F07 /* UIView.swift */; };
		E7C8711925DCD60900A25F07 /* UIColor.swift in Sources */ = {isa = PBXBuildFile; fileRef = E7C8711825DCD60900A25F07 /* UIColor.swift */; };
		E7C8711D25DD39F800A25F07 /* HomeController.swift in Sources */ = {isa = PBXBuildFile; fileRef = E7C8711C25DD39F700A25F07 /* HomeController.swift */; };
		E7C8712225DD3A6A00A25F07 /* UserSearchController.swift in Sources */ = {isa = PBXBuildFile; fileRef = E7C8712125DD3A6A00A25F07 /* UserSearchController.swift */; };
		E7C8712725DD510300A25F07 /* UserProfileController.swift in Sources */ = {isa = PBXBuildFile; fileRef = E7C8712625DD510300A25F07 /* UserProfileController.swift */; };
		E7D0055725DE60EA00ED006F /* UIMaker.swift in Sources */ = {isa = PBXBuildFile; fileRef = E7D0055625DE60EA00ED006F /* UIMaker.swift */; };
		E7D0055C25DE6EF700ED006F /* HomePostCell.swift in Sources */ = {isa = PBXBuildFile; fileRef = E7D0055B25DE6EF700ED006F /* HomePostCell.swift */; };
		E7D0056025DEB28500ED006F /* PhotoSelectorController.swift in Sources */ = {isa = PBXBuildFile; fileRef = E7D0055F25DEB28500ED006F /* PhotoSelectorController.swift */; };
		E7D0056425DEB4D500ED006F /* SharePhotoController.swift in Sources */ = {isa = PBXBuildFile; fileRef = E7D0056325DEB4D500ED006F /* SharePhotoController.swift */; };
		E7D0056725DEC15A00ED006F /* PhotoSelectorCell.swift in Sources */ = {isa = PBXBuildFile; fileRef = E7D0056625DEC15A00ED006F /* PhotoSelectorCell.swift */; };
		E7D0056A25DEC6FB00ED006F /* NSObject.swift in Sources */ = {isa = PBXBuildFile; fileRef = E7D0056925DEC6FB00ED006F /* NSObject.swift */; };
/* End PBXBuildFile section */

/* Begin PBXFileReference section */
		15BC95993475F3F6CEA5B404 /* Pods_LearningInstagram.framework */ = {isa = PBXFileReference; explicitFileType = wrapper.framework; includeInIndex = 0; path = Pods_LearningInstagram.framework; sourceTree = BUILT_PRODUCTS_DIR; };
		4C923C25E4E369F116692251 /* Pods-LearningInstagram.debug.xcconfig */ = {isa = PBXFileReference; includeInIndex = 1; lastKnownFileType = text.xcconfig; name = "Pods-LearningInstagram.debug.xcconfig"; path = "Target Support Files/Pods-LearningInstagram/Pods-LearningInstagram.debug.xcconfig"; sourceTree = "<group>"; };
		A6E30BE9ACBAF90C166A5EA5 /* Pods-LearningInstagram.release.xcconfig */ = {isa = PBXFileReference; includeInIndex = 1; lastKnownFileType = text.xcconfig; name = "Pods-LearningInstagram.release.xcconfig"; path = "Target Support Files/Pods-LearningInstagram/Pods-LearningInstagram.release.xcconfig"; sourceTree = "<group>"; };
		E72DF79925E0D76400F4CF1B /* Post.swift */ = {isa = PBXFileReference; lastKnownFileType = sourcecode.swift; path = Post.swift; sourceTree = "<group>"; };
		E72DF79C25E0D78B00F4CF1B /* User.swift */ = {isa = PBXFileReference; lastKnownFileType = sourcecode.swift; path = User.swift; sourceTree = "<group>"; };
		E72DF79F25E0DB5F00F4CF1B /* FirebaseUtils.swift */ = {isa = PBXFileReference; lastKnownFileType = sourcecode.swift; path = FirebaseUtils.swift; sourceTree = "<group>"; };
		E72DF7A325E0E45600F4CF1B /* Date.swift */ = {isa = PBXFileReference; lastKnownFileType = sourcecode.swift; path = Date.swift; sourceTree = "<group>"; };
		E72DF7A625E0E74300F4CF1B /* CameraController.swift */ = {isa = PBXFileReference; lastKnownFileType = sourcecode.swift; path = CameraController.swift; sourceTree = "<group>"; };
		E72DF7A925E0E9DD00F4CF1B /* UserSearchCell.swift */ = {isa = PBXFileReference; lastKnownFileType = sourcecode.swift; path = UserSearchCell.swift; sourceTree = "<group>"; };
		E72DF7CE25E2024600F4CF1B /* UserProfileHeader.swift */ = {isa = PBXFileReference; lastKnownFileType = sourcecode.swift; path = UserProfileHeader.swift; sourceTree = "<group>"; };
		E72DF81525E3683900F4CF1B /* UserProfilePhotoCell.swift */ = {isa = PBXFileReference; lastKnownFileType = sourcecode.swift; path = UserProfilePhotoCell.swift; sourceTree = "<group>"; };
		E72DF83A25E39F5300F4CF1B /* PreviewPhotoContainerView.swift */ = {isa = PBXFileReference; lastKnownFileType = sourcecode.swift; path = PreviewPhotoContainerView.swift; sourceTree = "<group>"; };
		E72DF83D25E3AE9B00F4CF1B /* CustomAnimationPresentor.swift */ = {isa = PBXFileReference; fileEncoding = 4; lastKnownFileType = sourcecode.swift; path = CustomAnimationPresentor.swift; sourceTree = "<group>"; };
		E72DF84025E3AEA100F4CF1B /* CustomAnimationDismisser.swift */ = {isa = PBXFileReference; fileEncoding = 4; lastKnownFileType = sourcecode.swift; path = CustomAnimationDismisser.swift; sourceTree = "<group>"; };
		E72DF84325E403A200F4CF1B /* LearningInstagram.entitlements */ = {isa = PBXFileReference; lastKnownFileType = text.plist.entitlements; path = LearningInstagram.entitlements; sourceTree = "<group>"; };
		E7C870D525DCB66F00A25F07 /* LearningInstagram.app */ = {isa = PBXFileReference; explicitFileType = wrapper.application; includeInIndex = 0; path = LearningInstagram.app; sourceTree = BUILT_PRODUCTS_DIR; };
		E7C870D825DCB66F00A25F07 /* AppDelegate.swift */ = {isa = PBXFileReference; lastKnownFileType = sourcecode.swift; path = AppDelegate.swift; sourceTree = "<group>"; };
		E7C870DA25DCB66F00A25F07 /* SceneDelegate.swift */ = {isa = PBXFileReference; lastKnownFileType = sourcecode.swift; path = SceneDelegate.swift; sourceTree = "<group>"; };
		E7C870DC25DCB66F00A25F07 /* ViewController.swift */ = {isa = PBXFileReference; lastKnownFileType = sourcecode.swift; path = ViewController.swift; sourceTree = "<group>"; };
		E7C870DF25DCB66F00A25F07 /* Base */ = {isa = PBXFileReference; lastKnownFileType = file.storyboard; name = Base; path = Base.lproj/Main.storyboard; sourceTree = "<group>"; };
		E7C870E125DCB67700A25F07 /* Assets.xcassets */ = {isa = PBXFileReference; lastKnownFileType = folder.assetcatalog; path = Assets.xcassets; sourceTree = "<group>"; };
		E7C870E425DCB67700A25F07 /* Base */ = {isa = PBXFileReference; lastKnownFileType = file.storyboard; name = Base; path = Base.lproj/LaunchScreen.storyboard; sourceTree = "<group>"; };
		E7C870E625DCB67700A25F07 /* Info.plist */ = {isa = PBXFileReference; lastKnownFileType = text.plist.xml; path = Info.plist; sourceTree = "<group>"; };
		E7C870ED25DCB69D00A25F07 /* MainTabBarController.swift */ = {isa = PBXFileReference; lastKnownFileType = sourcecode.swift; path = MainTabBarController.swift; sourceTree = "<group>"; };
		E7C8710325DCBDE900A25F07 /* GoogleService-Info.plist */ = {isa = PBXFileReference; fileEncoding = 4; lastKnownFileType = text.plist.xml; path = "GoogleService-Info.plist"; sourceTree = "<group>"; };
		E7C8710625DCC72600A25F07 /* LoginController.swift */ = {isa = PBXFileReference; lastKnownFileType = sourcecode.swift; path = LoginController.swift; sourceTree = "<group>"; };
		E7C8710B25DCC8F400A25F07 /* SignUpController.swift */ = {isa = PBXFileReference; lastKnownFileType = sourcecode.swift; path = SignUpController.swift; sourceTree = "<group>"; };
		E7C8710F25DCCD6100A25F07 /* Theme.swift */ = {isa = PBXFileReference; lastKnownFileType = sourcecode.swift; path = Theme.swift; sourceTree = "<group>"; };
		E7C8711425DCD03A00A25F07 /* UIView.swift */ = {isa = PBXFileReference; lastKnownFileType = sourcecode.swift; path = UIView.swift; sourceTree = "<group>"; };
		E7C8711825DCD60900A25F07 /* UIColor.swift */ = {isa = PBXFileReference; lastKnownFileType = sourcecode.swift; path = UIColor.swift; sourceTree = "<group>"; };
		E7C8711C25DD39F700A25F07 /* HomeController.swift */ = {isa = PBXFileReference; lastKnownFileType = sourcecode.swift; path = HomeController.swift; sourceTree = "<group>"; };
		E7C8712125DD3A6A00A25F07 /* UserSearchController.swift */ = {isa = PBXFileReference; lastKnownFileType = sourcecode.swift; path = UserSearchController.swift; sourceTree = "<group>"; };
		E7C8712625DD510300A25F07 /* UserProfileController.swift */ = {isa = PBXFileReference; lastKnownFileType = sourcecode.swift; path = UserProfileController.swift; sourceTree = "<group>"; };
		E7D0055625DE60EA00ED006F /* UIMaker.swift */ = {isa = PBXFileReference; lastKnownFileType = sourcecode.swift; path = UIMaker.swift; sourceTree = "<group>"; };
		E7D0055B25DE6EF700ED006F /* HomePostCell.swift */ = {isa = PBXFileReference; lastKnownFileType = sourcecode.swift; path = HomePostCell.swift; sourceTree = "<group>"; };
		E7D0055F25DEB28500ED006F /* PhotoSelectorController.swift */ = {isa = PBXFileReference; lastKnownFileType = sourcecode.swift; path = PhotoSelectorController.swift; sourceTree = "<group>"; };
		E7D0056325DEB4D500ED006F /* SharePhotoController.swift */ = {isa = PBXFileReference; lastKnownFileType = sourcecode.swift; path = SharePhotoController.swift; sourceTree = "<group>"; };
		E7D0056625DEC15A00ED006F /* PhotoSelectorCell.swift */ = {isa = PBXFileReference; lastKnownFileType = sourcecode.swift; path = PhotoSelectorCell.swift; sourceTree = "<group>"; };
		E7D0056925DEC6FB00ED006F /* NSObject.swift */ = {isa = PBXFileReference; lastKnownFileType = sourcecode.swift; path = NSObject.swift; sourceTree = "<group>"; };
/* End PBXFileReference section */

/* Begin PBXFrameworksBuildPhase section */
		E7C870D225DCB66F00A25F07 /* Frameworks */ = {
			isa = PBXFrameworksBuildPhase;
			buildActionMask = 2147483647;
			files = (
				A9D949E0D86B661024ED7087 /* Pods_LearningInstagram.framework in Frameworks */,
			);
			runOnlyForDeploymentPostprocessing = 0;
		};
/* End PBXFrameworksBuildPhase section */

/* Begin PBXGroup section */
		D33FB0932E6542F934605FE1 /* Frameworks */ = {
			isa = PBXGroup;
			children = (
				15BC95993475F3F6CEA5B404 /* Pods_LearningInstagram.framework */,
			);
			name = Frameworks;
			sourceTree = "<group>";
		};
		E72DF79225E0D4AE00F4CF1B /* Camera */ = {
			isa = PBXGroup;
			children = (
				E72DF84025E3AEA100F4CF1B /* CustomAnimationDismisser.swift */,
				E72DF83D25E3AE9B00F4CF1B /* CustomAnimationPresentor.swift */,
				E72DF7A625E0E74300F4CF1B /* CameraController.swift */,
				E72DF83A25E39F5300F4CF1B /* PreviewPhotoContainerView.swift */,
			);
			path = Camera;
			sourceTree = "<group>";
		};
		E72DF79325E0D74300F4CF1B /* Model */ = {
			isa = PBXGroup;
			children = (
				E72DF79925E0D76400F4CF1B /* Post.swift */,
				E72DF79C25E0D78B00F4CF1B /* User.swift */,
			);
			path = Model;
			sourceTree = "<group>";
		};
		E72DF7A225E0E44C00F4CF1B /* Extensions */ = {
			isa = PBXGroup;
			children = (
				E72DF7A325E0E45600F4CF1B /* Date.swift */,
			);
			path = Extensions;
			sourceTree = "<group>";
		};
		E7C870CC25DCB66F00A25F07 = {
			isa = PBXGroup;
			children = (
				E7C870D725DCB66F00A25F07 /* LearningInstagram */,
				E7C870D625DCB66F00A25F07 /* Products */,
				ED17AE9EBDE48392C38D89CA /* Pods */,
				D33FB0932E6542F934605FE1 /* Frameworks */,
			);
			sourceTree = "<group>";
		};
		E7C870D625DCB66F00A25F07 /* Products */ = {
			isa = PBXGroup;
			children = (
				E7C870D525DCB66F00A25F07 /* LearningInstagram.app */,
			);
			name = Products;
			sourceTree = "<group>";
		};
		E7C870D725DCB66F00A25F07 /* LearningInstagram */ = {
			isa = PBXGroup;
			children = (
				E72DF84325E403A200F4CF1B /* LearningInstagram.entitlements */,
				E72DF79325E0D74300F4CF1B /* Model */,
				E72DF79225E0D4AE00F4CF1B /* Camera */,
				E7D0055E25DEB26D00ED006F /* AddPhoto */,
				E7C8712525DD50E500A25F07 /* UserProfile */,
				E7C8712025DD3A5A00A25F07 /* Search */,
				E7C8711B25DD39E600A25F07 /* Home */,
				E7C8711325DCD02300A25F07 /* Extensions */,
				E7C8710E25DCCD4200A25F07 /* Utitls */,
				E7C8710225DCBB9500A25F07 /* Login */,
				E7C870D825DCB66F00A25F07 /* AppDelegate.swift */,
				E7C870DA25DCB66F00A25F07 /* SceneDelegate.swift */,
				E7C870DC25DCB66F00A25F07 /* ViewController.swift */,
				E7C8710325DCBDE900A25F07 /* GoogleService-Info.plist */,
				E7C870DE25DCB66F00A25F07 /* Main.storyboard */,
				E7C8710925DCC76A00A25F07 /* Resources */,
				E7C870E325DCB67700A25F07 /* LaunchScreen.storyboard */,
				E7C870E625DCB67700A25F07 /* Info.plist */,
				E7C870ED25DCB69D00A25F07 /* MainTabBarController.swift */,
			);
			path = LearningInstagram;
			sourceTree = "<group>";
		};
		E7C8710225DCBB9500A25F07 /* Login */ = {
			isa = PBXGroup;
			children = (
				E7C8710625DCC72600A25F07 /* LoginController.swift */,
				E7C8710B25DCC8F400A25F07 /* SignUpController.swift */,
			);
			path = Login;
			sourceTree = "<group>";
		};
		E7C8710925DCC76A00A25F07 /* Resources */ = {
			isa = PBXGroup;
			children = (
				E7C870E125DCB67700A25F07 /* Assets.xcassets */,
			);
			path = Resources;
			sourceTree = "<group>";
		};
		E7C8710E25DCCD4200A25F07 /* Utitls */ = {
			isa = PBXGroup;
			children = (
				E72DF7A225E0E44C00F4CF1B /* Extensions */,
				E7C8710F25DCCD6100A25F07 /* Theme.swift */,
				E72DF79F25E0DB5F00F4CF1B /* FirebaseUtils.swift */,
			);
			path = Utitls;
			sourceTree = "<group>";
		};
		E7C8711325DCD02300A25F07 /* Extensions */ = {
			isa = PBXGroup;
			children = (
				E7C8711425DCD03A00A25F07 /* UIView.swift */,
				E7C8711825DCD60900A25F07 /* UIColor.swift */,
				E7D0055625DE60EA00ED006F /* UIMaker.swift */,
				E7D0056925DEC6FB00ED006F /* NSObject.swift */,
			);
			path = Extensions;
			sourceTree = "<group>";
		};
		E7C8711B25DD39E600A25F07 /* Home */ = {
			isa = PBXGroup;
			children = (
				E7C8711C25DD39F700A25F07 /* HomeController.swift */,
				E7D0055B25DE6EF700ED006F /* HomePostCell.swift */,
			);
			path = Home;
			sourceTree = "<group>";
		};
		E7C8712025DD3A5A00A25F07 /* Search */ = {
			isa = PBXGroup;
			children = (
				E7C8712125DD3A6A00A25F07 /* UserSearchController.swift */,
				E72DF7A925E0E9DD00F4CF1B /* UserSearchCell.swift */,
			);
			path = Search;
			sourceTree = "<group>";
		};
		E7C8712525DD50E500A25F07 /* UserProfile */ = {
			isa = PBXGroup;
			children = (
				E7C8712625DD510300A25F07 /* UserProfileController.swift */,
				E72DF7CE25E2024600F4CF1B /* UserProfileHeader.swift */,
				E72DF81525E3683900F4CF1B /* UserProfilePhotoCell.swift */,
			);
			path = UserProfile;
			sourceTree = "<group>";
		};
		E7D0055E25DEB26D00ED006F /* AddPhoto */ = {
			isa = PBXGroup;
			children = (
				E7D0055F25DEB28500ED006F /* PhotoSelectorController.swift */,
				E7D0056325DEB4D500ED006F /* SharePhotoController.swift */,
				E7D0056625DEC15A00ED006F /* PhotoSelectorCell.swift */,
			);
			path = AddPhoto;
			sourceTree = "<group>";
		};
		ED17AE9EBDE48392C38D89CA /* Pods */ = {
			isa = PBXGroup;
			children = (
				4C923C25E4E369F116692251 /* Pods-LearningInstagram.debug.xcconfig */,
				A6E30BE9ACBAF90C166A5EA5 /* Pods-LearningInstagram.release.xcconfig */,
			);
			path = Pods;
			sourceTree = "<group>";
		};
/* End PBXGroup section */

/* Begin PBXNativeTarget section */
		E7C870D425DCB66F00A25F07 /* LearningInstagram */ = {
			isa = PBXNativeTarget;
			buildConfigurationList = E7C870E925DCB67700A25F07 /* Build configuration list for PBXNativeTarget "LearningInstagram" */;
			buildPhases = (
				E145908252AEB9C64ACE0DC4 /* [CP] Check Pods Manifest.lock */,
				E7C870D125DCB66F00A25F07 /* Sources */,
				E7C870D225DCB66F00A25F07 /* Frameworks */,
				E7C870D325DCB66F00A25F07 /* Resources */,
				44417FEF4B8934013663AD90 /* [CP] Embed Pods Frameworks */,
			);
			buildRules = (
			);
			dependencies = (
			);
			name = LearningInstagram;
			productName = LearningInstagram;
			productReference = E7C870D525DCB66F00A25F07 /* LearningInstagram.app */;
			productType = "com.apple.product-type.application";
		};
/* End PBXNativeTarget section */

/* Begin PBXProject section */
		E7C870CD25DCB66F00A25F07 /* Project object */ = {
			isa = PBXProject;
			attributes = {
				LastSwiftUpdateCheck = 1220;
				LastUpgradeCheck = 1220;
				TargetAttributes = {
					E7C870D425DCB66F00A25F07 = {
						CreatedOnToolsVersion = 12.2;
					};
				};
			};
			buildConfigurationList = E7C870D025DCB66F00A25F07 /* Build configuration list for PBXProject "LearningInstagram" */;
			compatibilityVersion = "Xcode 9.3";
			developmentRegion = en;
			hasScannedForEncodings = 0;
			knownRegions = (
				en,
				Base,
			);
			mainGroup = E7C870CC25DCB66F00A25F07;
			productRefGroup = E7C870D625DCB66F00A25F07 /* Products */;
			projectDirPath = "";
			projectRoot = "";
			targets = (
				E7C870D425DCB66F00A25F07 /* LearningInstagram */,
			);
		};
/* End PBXProject section */

/* Begin PBXResourcesBuildPhase section */
		E7C870D325DCB66F00A25F07 /* Resources */ = {
			isa = PBXResourcesBuildPhase;
			buildActionMask = 2147483647;
			files = (
				E7C870E525DCB67700A25F07 /* LaunchScreen.storyboard in Resources */,
				E7C8710425DCBDE900A25F07 /* GoogleService-Info.plist in Resources */,
				E7C870E225DCB67700A25F07 /* Assets.xcassets in Resources */,
				E7C870E025DCB66F00A25F07 /* Main.storyboard in Resources */,
			);
			runOnlyForDeploymentPostprocessing = 0;
		};
/* End PBXResourcesBuildPhase section */

/* Begin PBXShellScriptBuildPhase section */
		44417FEF4B8934013663AD90 /* [CP] Embed Pods Frameworks */ = {
			isa = PBXShellScriptBuildPhase;
			buildActionMask = 2147483647;
			files = (
			);
			inputFileListPaths = (
				"${PODS_ROOT}/Target Support Files/Pods-LearningInstagram/Pods-LearningInstagram-frameworks-${CONFIGURATION}-input-files.xcfilelist",
			);
			name = "[CP] Embed Pods Frameworks";
			outputFileListPaths = (
				"${PODS_ROOT}/Target Support Files/Pods-LearningInstagram/Pods-LearningInstagram-frameworks-${CONFIGURATION}-output-files.xcfilelist",
			);
			runOnlyForDeploymentPostprocessing = 0;
			shellPath = /bin/sh;
			shellScript = "\"${PODS_ROOT}/Target Support Files/Pods-LearningInstagram/Pods-LearningInstagram-frameworks.sh\"\n";
			showEnvVarsInLog = 0;
		};
		E145908252AEB9C64ACE0DC4 /* [CP] Check Pods Manifest.lock */ = {
			isa = PBXShellScriptBuildPhase;
			buildActionMask = 2147483647;
			files = (
			);
			inputFileListPaths = (
			);
			inputPaths = (
				"${PODS_PODFILE_DIR_PATH}/Podfile.lock",
				"${PODS_ROOT}/Manifest.lock",
			);
			name = "[CP] Check Pods Manifest.lock";
			outputFileListPaths = (
			);
			outputPaths = (
				"$(DERIVED_FILE_DIR)/Pods-LearningInstagram-checkManifestLockResult.txt",
			);
			runOnlyForDeploymentPostprocessing = 0;
			shellPath = /bin/sh;
			shellScript = "diff \"${PODS_PODFILE_DIR_PATH}/Podfile.lock\" \"${PODS_ROOT}/Manifest.lock\" > /dev/null\nif [ $? != 0 ] ; then\n    # print error to STDERR\n    echo \"error: The sandbox is not in sync with the Podfile.lock. Run 'pod install' or update your CocoaPods installation.\" >&2\n    exit 1\nfi\n# This output is used by Xcode 'outputs' to avoid re-running this script phase.\necho \"SUCCESS\" > \"${SCRIPT_OUTPUT_FILE_0}\"\n";
			showEnvVarsInLog = 0;
		};
/* End PBXShellScriptBuildPhase section */

/* Begin PBXSourcesBuildPhase section */
		E7C870D125DCB66F00A25F07 /* Sources */ = {
			isa = PBXSourcesBuildPhase;
			buildActionMask = 2147483647;
			files = (
				E7C8712225DD3A6A00A25F07 /* UserSearchController.swift in Sources */,
				E72DF7A725E0E74300F4CF1B /* CameraController.swift in Sources */,
				E72DF84125E3AEA100F4CF1B /* CustomAnimationDismisser.swift in Sources */,
				E7C8711525DCD03A00A25F07 /* UIView.swift in Sources */,
				E7C8712725DD510300A25F07 /* UserProfileController.swift in Sources */,
				E72DF7AA25E0E9DD00F4CF1B /* UserSearchCell.swift in Sources */,
				E72DF81625E3683900F4CF1B /* UserProfilePhotoCell.swift in Sources */,
				E7D0056A25DEC6FB00ED006F /* NSObject.swift in Sources */,
				E7C870DD25DCB66F00A25F07 /* ViewController.swift in Sources */,
				E7C870D925DCB66F00A25F07 /* AppDelegate.swift in Sources */,
				E7C870EE25DCB69D00A25F07 /* MainTabBarController.swift in Sources */,
				E7D0056425DEB4D500ED006F /* SharePhotoController.swift in Sources */,
				E72DF79D25E0D78B00F4CF1B /* User.swift in Sources */,
				E7C8711D25DD39F800A25F07 /* HomeController.swift in Sources */,
				E7C8711925DCD60900A25F07 /* UIColor.swift in Sources */,
				E7C870DB25DCB66F00A25F07 /* SceneDelegate.swift in Sources */,
				E72DF7A025E0DB5F00F4CF1B /* FirebaseUtils.swift in Sources */,
				E7D0056025DEB28500ED006F /* PhotoSelectorController.swift in Sources */,
				E7C8710725DCC72600A25F07 /* LoginController.swift in Sources */,
				E72DF7CF25E2024600F4CF1B /* UserProfileHeader.swift in Sources */,
				E7D0055C25DE6EF700ED006F /* HomePostCell.swift in Sources */,
				E7C8710C25DCC8F400A25F07 /* SignUpController.swift in Sources */,
				E7D0056725DEC15A00ED006F /* PhotoSelectorCell.swift in Sources */,
				E72DF83E25E3AE9B00F4CF1B /* CustomAnimationPresentor.swift in Sources */,
				E72DF79A25E0D76400F4CF1B /* Post.swift in Sources */,
				E72DF7A425E0E45600F4CF1B /* Date.swift in Sources */,
				E7C8711025DCCD6100A25F07 /* Theme.swift in Sources */,
				E7D0055725DE60EA00ED006F /* UIMaker.swift in Sources */,
				E72DF83B25E39F5300F4CF1B /* PreviewPhotoContainerView.swift in Sources */,
			);
			runOnlyForDeploymentPostprocessing = 0;
		};
/* End PBXSourcesBuildPhase section */

/* Begin PBXVariantGroup section */
		E7C870DE25DCB66F00A25F07 /* Main.storyboard */ = {
			isa = PBXVariantGroup;
			children = (
				E7C870DF25DCB66F00A25F07 /* Base */,
			);
			name = Main.storyboard;
			sourceTree = "<group>";
		};
		E7C870E325DCB67700A25F07 /* LaunchScreen.storyboard */ = {
			isa = PBXVariantGroup;
			children = (
				E7C870E425DCB67700A25F07 /* Base */,
			);
			name = LaunchScreen.storyboard;
			sourceTree = "<group>";
		};
/* End PBXVariantGroup section */

/* Begin XCBuildConfiguration section */
		E7C870E725DCB67700A25F07 /* Debug */ = {
			isa = XCBuildConfiguration;
			buildSettings = {
				ALWAYS_SEARCH_USER_PATHS = NO;
				CLANG_ANALYZER_NONNULL = YES;
				CLANG_ANALYZER_NUMBER_OBJECT_CONVERSION = YES_AGGRESSIVE;
				CLANG_CXX_LANGUAGE_STANDARD = "gnu++14";
				CLANG_CXX_LIBRARY = "libc++";
				CLANG_ENABLE_MODULES = YES;
				CLANG_ENABLE_OBJC_ARC = YES;
				CLANG_ENABLE_OBJC_WEAK = YES;
				CLANG_WARN_BLOCK_CAPTURE_AUTORELEASING = YES;
				CLANG_WARN_BOOL_CONVERSION = YES;
				CLANG_WARN_COMMA = YES;
				CLANG_WARN_CONSTANT_CONVERSION = YES;
				CLANG_WARN_DEPRECATED_OBJC_IMPLEMENTATIONS = YES;
				CLANG_WARN_DIRECT_OBJC_ISA_USAGE = YES_ERROR;
				CLANG_WARN_DOCUMENTATION_COMMENTS = YES;
				CLANG_WARN_EMPTY_BODY = YES;
				CLANG_WARN_ENUM_CONVERSION = YES;
				CLANG_WARN_INFINITE_RECURSION = YES;
				CLANG_WARN_INT_CONVERSION = YES;
				CLANG_WARN_NON_LITERAL_NULL_CONVERSION = YES;
				CLANG_WARN_OBJC_IMPLICIT_RETAIN_SELF = YES;
				CLANG_WARN_OBJC_LITERAL_CONVERSION = YES;
				CLANG_WARN_OBJC_ROOT_CLASS = YES_ERROR;
				CLANG_WARN_QUOTED_INCLUDE_IN_FRAMEWORK_HEADER = YES;
				CLANG_WARN_RANGE_LOOP_ANALYSIS = YES;
				CLANG_WARN_STRICT_PROTOTYPES = YES;
				CLANG_WARN_SUSPICIOUS_MOVE = YES;
				CLANG_WARN_UNGUARDED_AVAILABILITY = YES_AGGRESSIVE;
				CLANG_WARN_UNREACHABLE_CODE = YES;
				CLANG_WARN__DUPLICATE_METHOD_MATCH = YES;
				COPY_PHASE_STRIP = NO;
				DEBUG_INFORMATION_FORMAT = dwarf;
				ENABLE_STRICT_OBJC_MSGSEND = YES;
				ENABLE_TESTABILITY = YES;
				GCC_C_LANGUAGE_STANDARD = gnu11;
				GCC_DYNAMIC_NO_PIC = NO;
				GCC_NO_COMMON_BLOCKS = YES;
				GCC_OPTIMIZATION_LEVEL = 0;
				GCC_PREPROCESSOR_DEFINITIONS = (
					"DEBUG=1",
					"$(inherited)",
				);
				GCC_WARN_64_TO_32_BIT_CONVERSION = YES;
				GCC_WARN_ABOUT_RETURN_TYPE = YES_ERROR;
				GCC_WARN_UNDECLARED_SELECTOR = YES;
				GCC_WARN_UNINITIALIZED_AUTOS = YES_AGGRESSIVE;
				GCC_WARN_UNUSED_FUNCTION = YES;
				GCC_WARN_UNUSED_VARIABLE = YES;
				IPHONEOS_DEPLOYMENT_TARGET = 14.2;
				MTL_ENABLE_DEBUG_INFO = INCLUDE_SOURCE;
				MTL_FAST_MATH = YES;
				ONLY_ACTIVE_ARCH = YES;
				SDKROOT = iphoneos;
				SWIFT_ACTIVE_COMPILATION_CONDITIONS = DEBUG;
				SWIFT_OPTIMIZATION_LEVEL = "-Onone";
			};
			name = Debug;
		};
		E7C870E825DCB67700A25F07 /* Release */ = {
			isa = XCBuildConfiguration;
			buildSettings = {
				ALWAYS_SEARCH_USER_PATHS = NO;
				CLANG_ANALYZER_NONNULL = YES;
				CLANG_ANALYZER_NUMBER_OBJECT_CONVERSION = YES_AGGRESSIVE;
				CLANG_CXX_LANGUAGE_STANDARD = "gnu++14";
				CLANG_CXX_LIBRARY = "libc++";
				CLANG_ENABLE_MODULES = YES;
				CLANG_ENABLE_OBJC_ARC = YES;
				CLANG_ENABLE_OBJC_WEAK = YES;
				CLANG_WARN_BLOCK_CAPTURE_AUTORELEASING = YES;
				CLANG_WARN_BOOL_CONVERSION = YES;
				CLANG_WARN_COMMA = YES;
				CLANG_WARN_CONSTANT_CONVERSION = YES;
				CLANG_WARN_DEPRECATED_OBJC_IMPLEMENTATIONS = YES;
				CLANG_WARN_DIRECT_OBJC_ISA_USAGE = YES_ERROR;
				CLANG_WARN_DOCUMENTATION_COMMENTS = YES;
				CLANG_WARN_EMPTY_BODY = YES;
				CLANG_WARN_ENUM_CONVERSION = YES;
				CLANG_WARN_INFINITE_RECURSION = YES;
				CLANG_WARN_INT_CONVERSION = YES;
				CLANG_WARN_NON_LITERAL_NULL_CONVERSION = YES;
				CLANG_WARN_OBJC_IMPLICIT_RETAIN_SELF = YES;
				CLANG_WARN_OBJC_LITERAL_CONVERSION = YES;
				CLANG_WARN_OBJC_ROOT_CLASS = YES_ERROR;
				CLANG_WARN_QUOTED_INCLUDE_IN_FRAMEWORK_HEADER = YES;
				CLANG_WARN_RANGE_LOOP_ANALYSIS = YES;
				CLANG_WARN_STRICT_PROTOTYPES = YES;
				CLANG_WARN_SUSPICIOUS_MOVE = YES;
				CLANG_WARN_UNGUARDED_AVAILABILITY = YES_AGGRESSIVE;
				CLANG_WARN_UNREACHABLE_CODE = YES;
				CLANG_WARN__DUPLICATE_METHOD_MATCH = YES;
				COPY_PHASE_STRIP = NO;
				DEBUG_INFORMATION_FORMAT = "dwarf-with-dsym";
				ENABLE_NS_ASSERTIONS = NO;
				ENABLE_STRICT_OBJC_MSGSEND = YES;
				GCC_C_LANGUAGE_STANDARD = gnu11;
				GCC_NO_COMMON_BLOCKS = YES;
				GCC_WARN_64_TO_32_BIT_CONVERSION = YES;
				GCC_WARN_ABOUT_RETURN_TYPE = YES_ERROR;
				GCC_WARN_UNDECLARED_SELECTOR = YES;
				GCC_WARN_UNINITIALIZED_AUTOS = YES_AGGRESSIVE;
				GCC_WARN_UNUSED_FUNCTION = YES;
				GCC_WARN_UNUSED_VARIABLE = YES;
				IPHONEOS_DEPLOYMENT_TARGET = 14.2;
				MTL_ENABLE_DEBUG_INFO = NO;
				MTL_FAST_MATH = YES;
				SDKROOT = iphoneos;
				SWIFT_COMPILATION_MODE = wholemodule;
				SWIFT_OPTIMIZATION_LEVEL = "-O";
				VALIDATE_PRODUCT = YES;
			};
			name = Release;
		};
		E7C870EA25DCB67700A25F07 /* Debug */ = {
			isa = XCBuildConfiguration;
			baseConfigurationReference = 4C923C25E4E369F116692251 /* Pods-LearningInstagram.debug.xcconfig */;
			buildSettings = {
				ASSETCATALOG_COMPILER_APPICON_NAME = AppIcon;
				ASSETCATALOG_COMPILER_GLOBAL_ACCENT_COLOR_NAME = AccentColor;
				CODE_SIGN_ENTITLEMENTS = LearningInstagram/LearningInstagram.entitlements;
				CODE_SIGN_STYLE = Automatic;
				INFOPLIST_FILE = LearningInstagram/Info.plist;
				LD_RUNPATH_SEARCH_PATHS = (
					"$(inherited)",
					"@executable_path/Frameworks",
				);
				PRODUCT_BUNDLE_IDENTIFIER = HieuTong.LearningInstagram;
				PRODUCT_NAME = "$(TARGET_NAME)";
				SWIFT_VERSION = 5.0;
				TARGETED_DEVICE_FAMILY = "1,2";
			};
			name = Debug;
		};
		E7C870EB25DCB67700A25F07 /* Release */ = {
			isa = XCBuildConfiguration;
			baseConfigurationReference = A6E30BE9ACBAF90C166A5EA5 /* Pods-LearningInstagram.release.xcconfig */;
			buildSettings = {
				ASSETCATALOG_COMPILER_APPICON_NAME = AppIcon;
				ASSETCATALOG_COMPILER_GLOBAL_ACCENT_COLOR_NAME = AccentColor;
				CODE_SIGN_ENTITLEMENTS = LearningInstagram/LearningInstagram.entitlements;
				CODE_SIGN_STYLE = Automatic;
				INFOPLIST_FILE = LearningInstagram/Info.plist;
				LD_RUNPATH_SEARCH_PATHS = (
					"$(inherited)",
					"@executable_path/Frameworks",
				);
				PRODUCT_BUNDLE_IDENTIFIER = HieuTong.LearningInstagram;
				PRODUCT_NAME = "$(TARGET_NAME)";
				SWIFT_VERSION = 5.0;
				TARGETED_DEVICE_FAMILY = "1,2";
			};
			name = Release;
		};
/* End XCBuildConfiguration section */

/* Begin XCConfigurationList section */
		E7C870D025DCB66F00A25F07 /* Build configuration list for PBXProject "LearningInstagram" */ = {
			isa = XCConfigurationList;
			buildConfigurations = (
				E7C870E725DCB67700A25F07 /* Debug */,
				E7C870E825DCB67700A25F07 /* Release */,
			);
			defaultConfigurationIsVisible = 0;
			defaultConfigurationName = Release;
		};
		E7C870E925DCB67700A25F07 /* Build configuration list for PBXNativeTarget "LearningInstagram" */ = {
			isa = XCConfigurationList;
			buildConfigurations = (
				E7C870EA25DCB67700A25F07 /* Debug */,
				E7C870EB25DCB67700A25F07 /* Release */,
			);
			defaultConfigurationIsVisible = 0;
			defaultConfigurationName = Release;
		};
/* End XCConfigurationList section */
	};
	rootObject = E7C870CD25DCB66F00A25F07 /* Project object */;
}
